
Microsoft Visual Studio Solution File, Format Version 12.00
# Visual Studio Version 17
VisualStudioVersion = 17.9.34701.34
MinimumVisualStudioVersion = 10.0.40219.1
Project("{FAE04EC0-301F-11D3-BF4B-00C04F79EFBC}") = "Veterinaria.Shared", "Veterinaria.Shared\Veterinaria.Shared.csproj", "{273B17CB-E024-4BEE-8A7D-D8359F30B98F}"
EndProject
Project("{FAE04EC0-301F-11D3-BF4B-00C04F79EFBC}") = "Veterinaria.API", "Veterinaria.API\Veterinaria.API.csproj", "{318EF85E-8BA1-4D46-AFED-0E0D5979A09C}"
EndProject
Project("{FAE04EC0-301F-11D3-BF4B-00C04F79EFBC}") = "Vaterinaria.WEB", "Vaterinaria.WEB\Vaterinaria.WEB.csproj", "{D92B6C10-9269-4F15-B38E-C9EBD9EB186C}"
EndProject
Global
	GlobalSection(SolutionConfigurationPlatforms) = preSolution
		Debug|Any CPU = Debug|Any CPU
		Release|Any CPU = Release|Any CPU
	EndGlobalSection
	GlobalSection(ProjectConfigurationPlatforms) = postSolution
		{273B17CB-E024-4BEE-8A7D-D8359F30B98F}.Debug|Any CPU.ActiveCfg = Debug|Any CPU
		{273B17CB-E024-4BEE-8A7D-D8359F30B98F}.Debug|Any CPU.Build.0 = Debug|Any CPU
		{273B17CB-E024-4BEE-8A7D-D8359F30B98F}.Release|Any CPU.ActiveCfg = Release|Any CPU
		{273B17CB-E024-4BEE-8A7D-D8359F30B98F}.Release|Any CPU.Build.0 = Release|Any CPU
		{318EF85E-8BA1-4D46-AFED-0E0D5979A09C}.Debug|Any CPU.ActiveCfg = Debug|Any CPU
		{318EF85E-8BA1-4D46-AFED-0E0D5979A09C}.Debug|Any CPU.Build.0 = Debug|Any CPU
		{318EF85E-8BA1-4D46-AFED-0E0D5979A09C}.Release|Any CPU.ActiveCfg = Release|Any CPU
		{318EF85E-8BA1-4D46-AFED-0E0D5979A09C}.Release|Any CPU.Build.0 = Release|Any CPU
		{D92B6C10-9269-4F15-B38E-C9EBD9EB186C}.Debug|Any CPU.ActiveCfg = Debug|Any CPU
		{D92B6C10-9269-4F15-B38E-C9EBD9EB186C}.Debug|Any CPU.Build.0 = Debug|Any CPU
		{D92B6C10-9269-4F15-B38E-C9EBD9EB186C}.Release|Any CPU.ActiveCfg = Release|Any CPU
		{D92B6C10-9269-4F15-B38E-C9EBD9EB186C}.Release|Any CPU.Build.0 = Release|Any CPU
	EndGlobalSection
	GlobalSection(SolutionProperties) = preSolution
		HideSolutionNode = FALSE
	EndGlobalSection
	GlobalSection(ExtensibilityGlobals) = postSolution
		SolutionGuid = {55F29650-7192-472B-9464-AB6457FE5C88}
	EndGlobalSection
EndGlobal
